
Microsoft Visual Studio Solution File, Format Version 12.00
# Visual Studio Version 16
VisualStudioVersion = 16.0.30517.126
MinimumVisualStudioVersion = 10.0.40219.1
Project("{FAE04EC0-301F-11D3-BF4B-00C04F79EFBC}") = "WhileLoop", "WhileLoop\WhileLoop.csproj", "{0E535918-5AF0-47CF-B088-F38DED9E2EB8}"
EndProject
Project("{FAE04EC0-301F-11D3-BF4B-00C04F79EFBC}") = "PinValidationThreeTries", "PinValidationThreeTries\PinValidationThreeTries.csproj", "{ED6DAD9A-BC65-4AB2-B3AE-44334C482145}"
EndProject
Project("{FAE04EC0-301F-11D3-BF4B-00C04F79EFBC}") = "LoginValidation", "LoginValidation\LoginValidation.csproj", "{7151E857-2369-4A72-B24D-A067C3E4FCEF}"
EndProject
Global
	GlobalSection(SolutionConfigurationPlatforms) = preSolution
		Debug|Any CPU = Debug|Any CPU
		Release|Any CPU = Release|Any CPU
	EndGlobalSection
	GlobalSection(ProjectConfigurationPlatforms) = postSolution
		{0E535918-5AF0-47CF-B088-F38DED9E2EB8}.Debug|Any CPU.ActiveCfg = Debug|Any CPU
		{0E535918-5AF0-47CF-B088-F38DED9E2EB8}.Debug|Any CPU.Build.0 = Debug|Any CPU
		{0E535918-5AF0-47CF-B088-F38DED9E2EB8}.Release|Any CPU.ActiveCfg = Release|Any CPU
		{0E535918-5AF0-47CF-B088-F38DED9E2EB8}.Release|Any CPU.Build.0 = Release|Any CPU
		{ED6DAD9A-BC65-4AB2-B3AE-44334C482145}.Debug|Any CPU.ActiveCfg = Debug|Any CPU
		{ED6DAD9A-BC65-4AB2-B3AE-44334C482145}.Debug|Any CPU.Build.0 = Debug|Any CPU
		{ED6DAD9A-BC65-4AB2-B3AE-44334C482145}.Release|Any CPU.ActiveCfg = Release|Any CPU
		{ED6DAD9A-BC65-4AB2-B3AE-44334C482145}.Release|Any CPU.Build.0 = Release|Any CPU
		{7151E857-2369-4A72-B24D-A067C3E4FCEF}.Debug|Any CPU.ActiveCfg = Debug|Any CPU
		{7151E857-2369-4A72-B24D-A067C3E4FCEF}.Debug|Any CPU.Build.0 = Debug|Any CPU
		{7151E857-2369-4A72-B24D-A067C3E4FCEF}.Release|Any CPU.ActiveCfg = Release|Any CPU
		{7151E857-2369-4A72-B24D-A067C3E4FCEF}.Release|Any CPU.Build.0 = Release|Any CPU
	EndGlobalSection
	GlobalSection(SolutionProperties) = preSolution
		HideSolutionNode = FALSE
	EndGlobalSection
	GlobalSection(ExtensibilityGlobals) = postSolution
		SolutionGuid = {1203D12D-A982-4737-8E60-13C0E6AF346B}
	EndGlobalSection
EndGlobal
